---
label: Image Content Block
hide_body: false
display_field: heading
fields:
- type: text
  name: heading
  label: Heading
- type: field_group_list
  label: Items
  name: items
  config:
    labelField: title
  fields:
  - type: include
    template: image-content
    label: block
    name: block
- type: text
  name: block
  label: block
  hidden: true
  default: two-column-vertical-cards
